
Microsoft Visual Studio Solution File, Format Version 12.00
# Visual Studio Version 17
VisualStudioVersion = 17.4.33213.308
MinimumVisualStudioVersion = 10.0.40219.1
Project("{8BC9CEB8-8B4A-11D0-8D11-00A0C91BC942}") = "BAG-ADT", "BAG-ADT\BAG-ADT.vcxproj", "{3BFF558D-B8BD-4E06-8DD6-FB2BF4E29635}"
EndProject
Project("{8BC9CEB8-8B4A-11D0-8D11-00A0C91BC942}") = "STACK-ADT", "STACK-ADT\STACK-ADT.vcxproj", "{F15947DB-97DF-4015-9E71-922204CCBCD5}"
EndProject
Project("{8BC9CEB8-8B4A-11D0-8D11-00A0C91BC942}") = "QUEUE-ADT", "QUEUE-ADT\QUEUE-ADT.vcxproj", "{2E557FB1-5AB1-4FF3-8541-F1AEA60B411F}"
EndProject
Project("{8BC9CEB8-8B4A-11D0-8D11-00A0C91BC942}") = "BINARY-TREE-ADT", "TREE-ADT\TREE-ADT.vcxproj", "{0BFADE43-13B5-412F-9E1A-26E4FCB10F5F}"
EndProject
Project("{8BC9CEB8-8B4A-11D0-8D11-00A0C91BC942}") = "PRIORITY-QUEUE-ADT", "PRIORITY-QUEUE-ADT\PRIORITY-QUEUE-ADT.vcxproj", "{66E65155-BC8D-4B66-AA1E-21F55F29D424}"
EndProject
Project("{8BC9CEB8-8B4A-11D0-8D11-00A0C91BC942}") = "BST-ADT", "BST-ADT\BST-ADT.vcxproj", "{C5C09B22-0F2D-40AE-BDFD-5831AF5FC3B2}"
EndProject
Project("{8BC9CEB8-8B4A-11D0-8D11-00A0C91BC942}") = "HEAP-ADT", "HEAP-ADT\HEAP-ADT.vcxproj", "{57C18F9D-0745-4276-B33E-1F5EAD0D9229}"
EndProject
Global
	GlobalSection(SolutionConfigurationPlatforms) = preSolution
		Debug|x64 = Debug|x64
		Debug|x86 = Debug|x86
		Release|x64 = Release|x64
		Release|x86 = Release|x86
	EndGlobalSection
	GlobalSection(ProjectConfigurationPlatforms) = postSolution
		{3BFF558D-B8BD-4E06-8DD6-FB2BF4E29635}.Debug|x64.ActiveCfg = Debug|x64
		{3BFF558D-B8BD-4E06-8DD6-FB2BF4E29635}.Debug|x64.Build.0 = Debug|x64
		{3BFF558D-B8BD-4E06-8DD6-FB2BF4E29635}.Debug|x86.ActiveCfg = Debug|Win32
		{3BFF558D-B8BD-4E06-8DD6-FB2BF4E29635}.Debug|x86.Build.0 = Debug|Win32
		{3BFF558D-B8BD-4E06-8DD6-FB2BF4E29635}.Release|x64.ActiveCfg = Release|x64
		{3BFF558D-B8BD-4E06-8DD6-FB2BF4E29635}.Release|x64.Build.0 = Release|x64
		{3BFF558D-B8BD-4E06-8DD6-FB2BF4E29635}.Release|x86.ActiveCfg = Release|Win32
		{3BFF558D-B8BD-4E06-8DD6-FB2BF4E29635}.Release|x86.Build.0 = Release|Win32
		{F15947DB-97DF-4015-9E71-922204CCBCD5}.Debug|x64.ActiveCfg = Debug|x64
		{F15947DB-97DF-4015-9E71-922204CCBCD5}.Debug|x64.Build.0 = Debug|x64
		{F15947DB-97DF-4015-9E71-922204CCBCD5}.Debug|x86.ActiveCfg = Debug|Win32
		{F15947DB-97DF-4015-9E71-922204CCBCD5}.Debug|x86.Build.0 = Debug|Win32
		{F15947DB-97DF-4015-9E71-922204CCBCD5}.Release|x64.ActiveCfg = Release|x64
		{F15947DB-97DF-4015-9E71-922204CCBCD5}.Release|x64.Build.0 = Release|x64
		{F15947DB-97DF-4015-9E71-922204CCBCD5}.Release|x86.ActiveCfg = Release|Win32
		{F15947DB-97DF-4015-9E71-922204CCBCD5}.Release|x86.Build.0 = Release|Win32
		{2E557FB1-5AB1-4FF3-8541-F1AEA60B411F}.Debug|x64.ActiveCfg = Debug|x64
		{2E557FB1-5AB1-4FF3-8541-F1AEA60B411F}.Debug|x64.Build.0 = Debug|x64
		{2E557FB1-5AB1-4FF3-8541-F1AEA60B411F}.Debug|x86.ActiveCfg = Debug|Win32
		{2E557FB1-5AB1-4FF3-8541-F1AEA60B411F}.Debug|x86.Build.0 = Debug|Win32
		{2E557FB1-5AB1-4FF3-8541-F1AEA60B411F}.Release|x64.ActiveCfg = Release|x64
		{2E557FB1-5AB1-4FF3-8541-F1AEA60B411F}.Release|x64.Build.0 = Release|x64
		{2E557FB1-5AB1-4FF3-8541-F1AEA60B411F}.Release|x86.ActiveCfg = Release|Win32
		{2E557FB1-5AB1-4FF3-8541-F1AEA60B411F}.Release|x86.Build.0 = Release|Win32
		{0BFADE43-13B5-412F-9E1A-26E4FCB10F5F}.Debug|x64.ActiveCfg = Debug|x64
		{0BFADE43-13B5-412F-9E1A-26E4FCB10F5F}.Debug|x64.Build.0 = Debug|x64
		{0BFADE43-13B5-412F-9E1A-26E4FCB10F5F}.Debug|x86.ActiveCfg = Debug|Win32
		{0BFADE43-13B5-412F-9E1A-26E4FCB10F5F}.Debug|x86.Build.0 = Debug|Win32
		{0BFADE43-13B5-412F-9E1A-26E4FCB10F5F}.Release|x64.ActiveCfg = Release|x64
		{0BFADE43-13B5-412F-9E1A-26E4FCB10F5F}.Release|x64.Build.0 = Release|x64
		{0BFADE43-13B5-412F-9E1A-26E4FCB10F5F}.Release|x86.ActiveCfg = Release|Win32
		{0BFADE43-13B5-412F-9E1A-26E4FCB10F5F}.Release|x86.Build.0 = Release|Win32
		{66E65155-BC8D-4B66-AA1E-21F55F29D424}.Debug|x64.ActiveCfg = Debug|x64
		{66E65155-BC8D-4B66-AA1E-21F55F29D424}.Debug|x64.Build.0 = Debug|x64
		{66E65155-BC8D-4B66-AA1E-21F55F29D424}.Debug|x86.ActiveCfg = Debug|Win32
		{66E65155-BC8D-4B66-AA1E-21F55F29D424}.Debug|x86.Build.0 = Debug|Win32
		{66E65155-BC8D-4B66-AA1E-21F55F29D424}.Release|x64.ActiveCfg = Release|x64
		{66E65155-BC8D-4B66-AA1E-21F55F29D424}.Release|x64.Build.0 = Release|x64
		{66E65155-BC8D-4B66-AA1E-21F55F29D424}.Release|x86.ActiveCfg = Release|Win32
		{66E65155-BC8D-4B66-AA1E-21F55F29D424}.Release|x86.Build.0 = Release|Win32
		{C5C09B22-0F2D-40AE-BDFD-5831AF5FC3B2}.Debug|x64.ActiveCfg = Debug|x64
		{C5C09B22-0F2D-40AE-BDFD-5831AF5FC3B2}.Debug|x64.Build.0 = Debug|x64
		{C5C09B22-0F2D-40AE-BDFD-5831AF5FC3B2}.Debug|x86.ActiveCfg = Debug|Win32
		{C5C09B22-0F2D-40AE-BDFD-5831AF5FC3B2}.Debug|x86.Build.0 = Debug|Win32
		{C5C09B22-0F2D-40AE-BDFD-5831AF5FC3B2}.Release|x64.ActiveCfg = Release|x64
		{C5C09B22-0F2D-40AE-BDFD-5831AF5FC3B2}.Release|x64.Build.0 = Release|x64
		{C5C09B22-0F2D-40AE-BDFD-5831AF5FC3B2}.Release|x86.ActiveCfg = Release|Win32
		{C5C09B22-0F2D-40AE-BDFD-5831AF5FC3B2}.Release|x86.Build.0 = Release|Win32
		{57C18F9D-0745-4276-B33E-1F5EAD0D9229}.Debug|x64.ActiveCfg = Debug|x64
		{57C18F9D-0745-4276-B33E-1F5EAD0D9229}.Debug|x64.Build.0 = Debug|x64
		{57C18F9D-0745-4276-B33E-1F5EAD0D9229}.Debug|x86.ActiveCfg = Debug|Win32
		{57C18F9D-0745-4276-B33E-1F5EAD0D9229}.Debug|x86.Build.0 = Debug|Win32
		{57C18F9D-0745-4276-B33E-1F5EAD0D9229}.Release|x64.ActiveCfg = Release|x64
		{57C18F9D-0745-4276-B33E-1F5EAD0D9229}.Release|x64.Build.0 = Release|x64
		{57C18F9D-0745-4276-B33E-1F5EAD0D9229}.Release|x86.ActiveCfg = Release|Win32
		{57C18F9D-0745-4276-B33E-1F5EAD0D9229}.Release|x86.Build.0 = Release|Win32
	EndGlobalSection
	GlobalSection(SolutionProperties) = preSolution
		HideSolutionNode = FALSE
	EndGlobalSection
	GlobalSection(ExtensibilityGlobals) = postSolution
		SolutionGuid = {2FE64BDA-4A68-43BA-A72D-79A74B1D47DF}
	EndGlobalSection
EndGlobal
